// !$*UTF8*$!
{
	archiveVersion = 1;
	classes = {
	};
	objectVersion = 56;
	objects = {

/* Begin PBXBuildFile section */
		BD175C66295BDC7700B139A8 /* main.swift in Sources */ = {isa = PBXBuildFile; fileRef = BD175C65295BDC7700B139A8 /* main.swift */; };
		BD175C6D295BE13600B139A8 /* DataBase.swift in Sources */ = {isa = PBXBuildFile; fileRef = BD175C6C295BE13600B139A8 /* DataBase.swift */; };
		BD175CB62962692100B139A8 /* teachers.swift in Sources */ = {isa = PBXBuildFile; fileRef = BD175CB52962692100B139A8 /* teachers.swift */; };
		BD175CB82962697000B139A8 /* students.swift in Sources */ = {isa = PBXBuildFile; fileRef = BD175CB72962697000B139A8 /* students.swift */; };
		BDB479562962716F00E4C068 /* hospital.swift in Sources */ = {isa = PBXBuildFile; fileRef = BDB479552962716F00E4C068 /* hospital.swift */; };
		BDB479582962718200E4C068 /* patient.swift in Sources */ = {isa = PBXBuildFile; fileRef = BDB479572962718200E4C068 /* patient.swift */; };
/* End PBXBuildFile section */

/* Begin PBXCopyFilesBuildPhase section */
		BD175C60295BDC7700B139A8 /* CopyFiles */ = {
			isa = PBXCopyFilesBuildPhase;
			buildActionMask = 2147483647;
			dstPath = /usr/share/man/man1/;
			dstSubfolderSpec = 0;
			files = (
			);
			runOnlyForDeploymentPostprocessing = 1;
		};
/* End PBXCopyFilesBuildPhase section */

/* Begin PBXFileReference section */
		BD175C62295BDC7700B139A8 /* 3L2M */ = {isa = PBXFileReference; explicitFileType = "compiled.mach-o.executable"; includeInIndex = 0; path = 3L2M; sourceTree = BUILT_PRODUCTS_DIR; };
		BD175C65295BDC7700B139A8 /* main.swift */ = {isa = PBXFileReference; lastKnownFileType = sourcecode.swift; path = main.swift; sourceTree = "<group>"; };
		BD175C6C295BE13600B139A8 /* DataBase.swift */ = {isa = PBXFileReference; lastKnownFileType = sourcecode.swift; path = DataBase.swift; sourceTree = "<group>"; };
		BD175CB52962692100B139A8 /* teachers.swift */ = {isa = PBXFileReference; lastKnownFileType = sourcecode.swift; path = teachers.swift; sourceTree = "<group>"; };
		BD175CB72962697000B139A8 /* students.swift */ = {isa = PBXFileReference; lastKnownFileType = sourcecode.swift; path = students.swift; sourceTree = "<group>"; };
		BDB479552962716F00E4C068 /* hospital.swift */ = {isa = PBXFileReference; lastKnownFileType = sourcecode.swift; path = hospital.swift; sourceTree = "<group>"; };
		BDB479572962718200E4C068 /* patient.swift */ = {isa = PBXFileReference; lastKnownFileType = sourcecode.swift; path = patient.swift; sourceTree = "<group>"; };
/* End PBXFileReference section */

/* Begin PBXFrameworksBuildPhase section */
		BD175C5F295BDC7700B139A8 /* Frameworks */ = {
			isa = PBXFrameworksBuildPhase;
			buildActionMask = 2147483647;
			files = (
			);
			runOnlyForDeploymentPostprocessing = 0;
		};
/* End PBXFrameworksBuildPhase section */

/* Begin PBXGroup section */
		BD175C59295BDC7700B139A8 = {
			isa = PBXGroup;
			children = (
				BD175C64295BDC7700B139A8 /* 3L2M */,
				BD175C63295BDC7700B139A8 /* Products */,
			);
			sourceTree = "<group>";
		};
		BD175C63295BDC7700B139A8 /* Products */ = {
			isa = PBXGroup;
			children = (
				BD175C62295BDC7700B139A8 /* 3L2M */,
			);
			name = Products;
			sourceTree = "<group>";
		};
		BD175C64295BDC7700B139A8 /* 3L2M */ = {
			isa = PBXGroup;
			children = (
				BD175C65295BDC7700B139A8 /* main.swift */,
				BDB479572962718200E4C068 /* patient.swift */,
				BDB479552962716F00E4C068 /* hospital.swift */,
				BD175CB72962697000B139A8 /* students.swift */,
				BD175CB52962692100B139A8 /* teachers.swift */,
				BD175C6C295BE13600B139A8 /* DataBase.swift */,
			);
			path = 3L2M;
			sourceTree = "<group>";
		};
/* End PBXGroup section */

/* Begin PBXNativeTarget section */
		BD175C61295BDC7700B139A8 /* 3L2M */ = {
			isa = PBXNativeTarget;
			buildConfigurationList = BD175C69295BDC7700B139A8 /* Build configuration list for PBXNativeTarget "3L2M" */;
			buildPhases = (
				BD175C5E295BDC7700B139A8 /* Sources */,
				BD175C5F295BDC7700B139A8 /* Frameworks */,
				BD175C60295BDC7700B139A8 /* CopyFiles */,
			);
			buildRules = (
			);
			dependencies = (
			);
			name = 3L2M;
			productName = 3L2M;
			productReference = BD175C62295BDC7700B139A8 /* 3L2M */;
			productType = "com.apple.product-type.tool";
		};
/* End PBXNativeTarget section */

/* Begin PBXProject section */
		BD175C5A295BDC7700B139A8 /* Project object */ = {
			isa = PBXProject;
			attributes = {
				BuildIndependentTargetsInParallel = 1;
				LastSwiftUpdateCheck = 1400;
				LastUpgradeCheck = 1400;
				TargetAttributes = {
					BD175C61295BDC7700B139A8 = {
						CreatedOnToolsVersion = 14.0;
					};
				};
			};
			buildConfigurationList = BD175C5D295BDC7700B139A8 /* Build configuration list for PBXProject "3L2M" */;
			compatibilityVersion = "Xcode 14.0";
			developmentRegion = en;
			hasScannedForEncodings = 0;
			knownRegions = (
				en,
				Base,
			);
			mainGroup = BD175C59295BDC7700B139A8;
			productRefGroup = BD175C63295BDC7700B139A8 /* Products */;
			projectDirPath = "";
			projectRoot = "";
			targets = (
				BD175C61295BDC7700B139A8 /* 3L2M */,
			);
		};
/* End PBXProject section */

/* Begin PBXSourcesBuildPhase section */
		BD175C5E295BDC7700B139A8 /* Sources */ = {
			isa = PBXSourcesBuildPhase;
			buildActionMask = 2147483647;
			files = (
				BD175C6D295BE13600B139A8 /* DataBase.swift in Sources */,
				BD175CB82962697000B139A8 /* students.swift in Sources */,
				BD175CB62962692100B139A8 /* teachers.swift in Sources */,
				BDB479582962718200E4C068 /* patient.swift in Sources */,
				BDB479562962716F00E4C068 /* hospital.swift in Sources */,
				BD175C66295BDC7700B139A8 /* main.swift in Sources */,
			);
			runOnlyForDeploymentPostprocessing = 0;
		};
/* End PBXSourcesBuildPhase section */

/* Begin XCBuildConfiguration section */
		BD175C67295BDC7700B139A8 /* Debug */ = {
			isa = XCBuildConfiguration;
			buildSettings = {
				ALWAYS_SEARCH_USER_PATHS = NO;
				CLANG_ANALYZER_NONNULL = YES;
				CLANG_ANALYZER_NUMBER_OBJECT_CONVERSION = YES_AGGRESSIVE;
				CLANG_CXX_LANGUAGE_STANDARD = "gnu++20";
				CLANG_ENABLE_MODULES = YES;
				CLANG_ENABLE_OBJC_ARC = YES;
				CLANG_ENABLE_OBJC_WEAK = YES;
				CLANG_WARN_BLOCK_CAPTURE_AUTORELEASING = YES;
				CLANG_WARN_BOOL_CONVERSION = YES;
				CLANG_WARN_COMMA = YES;
				CLANG_WARN_CONSTANT_CONVERSION = YES;
				CLANG_WARN_DEPRECATED_OBJC_IMPLEMENTATIONS = YES;
				CLANG_WARN_DIRECT_OBJC_ISA_USAGE = YES_ERROR;
				CLANG_WARN_DOCUMENTATION_COMMENTS = YES;
				CLANG_WARN_EMPTY_BODY = YES;
				CLANG_WARN_ENUM_CONVERSION = YES;
				CLANG_WARN_INFINITE_RECURSION = YES;
				CLANG_WARN_INT_CONVERSION = YES;
				CLANG_WARN_NON_LITERAL_NULL_CONVERSION = YES;
				CLANG_WARN_OBJC_IMPLICIT_RETAIN_SELF = YES;
				CLANG_WARN_OBJC_LITERAL_CONVERSION = YES;
				CLANG_WARN_OBJC_ROOT_CLASS = YES_ERROR;
				CLANG_WARN_QUOTED_INCLUDE_IN_FRAMEWORK_HEADER = YES;
				CLANG_WARN_RANGE_LOOP_ANALYSIS = YES;
				CLANG_WARN_STRICT_PROTOTYPES = YES;
				CLANG_WARN_SUSPICIOUS_MOVE = YES;
				CLANG_WARN_UNGUARDED_AVAILABILITY = YES_AGGRESSIVE;
				CLANG_WARN_UNREACHABLE_CODE = YES;
				CLANG_WARN__DUPLICATE_METHOD_MATCH = YES;
				COPY_PHASE_STRIP = NO;
				DEBUG_INFORMATION_FORMAT = dwarf;
				ENABLE_STRICT_OBJC_MSGSEND = YES;
				ENABLE_TESTABILITY = YES;
				GCC_C_LANGUAGE_STANDARD = gnu11;
				GCC_DYNAMIC_NO_PIC = NO;
				GCC_NO_COMMON_BLOCKS = YES;
				GCC_OPTIMIZATION_LEVEL = 0;
				GCC_PREPROCESSOR_DEFINITIONS = (
					"DEBUG=1",
					"$(inherited)",
				);
				GCC_WARN_64_TO_32_BIT_CONVERSION = YES;
				GCC_WARN_ABOUT_RETURN_TYPE = YES_ERROR;
				GCC_WARN_UNDECLARED_SELECTOR = YES;
				GCC_WARN_UNINITIALIZED_AUTOS = YES_AGGRESSIVE;
				GCC_WARN_UNUSED_FUNCTION = YES;
				GCC_WARN_UNUSED_VARIABLE = YES;
				MACOSX_DEPLOYMENT_TARGET = 12.3;
				MTL_ENABLE_DEBUG_INFO = INCLUDE_SOURCE;
				MTL_FAST_MATH = YES;
				ONLY_ACTIVE_ARCH = YES;
				SDKROOT = macosx;
				SWIFT_ACTIVE_COMPILATION_CONDITIONS = DEBUG;
				SWIFT_OPTIMIZATION_LEVEL = "-Onone";
			};
			name = Debug;
		};
		BD175C68295BDC7700B139A8 /* Release */ = {
			isa = XCBuildConfiguration;
			buildSettings = {
				ALWAYS_SEARCH_USER_PATHS = NO;
				CLANG_ANALYZER_NONNULL = YES;
				CLANG_ANALYZER_NUMBER_OBJECT_CONVERSION = YES_AGGRESSIVE;
				CLANG_CXX_LANGUAGE_STANDARD = "gnu++20";
				CLANG_ENABLE_MODULES = YES;
				CLANG_ENABLE_OBJC_ARC = YES;
				CLANG_ENABLE_OBJC_WEAK = YES;
				CLANG_WARN_BLOCK_CAPTURE_AUTORELEASING = YES;
				CLANG_WARN_BOOL_CONVERSION = YES;
				CLANG_WARN_COMMA = YES;
				CLANG_WARN_CONSTANT_CONVERSION = YES;
				CLANG_WARN_DEPRECATED_OBJC_IMPLEMENTATIONS = YES;
				CLANG_WARN_DIRECT_OBJC_ISA_USAGE = YES_ERROR;
				CLANG_WARN_DOCUMENTATION_COMMENTS = YES;
				CLANG_WARN_EMPTY_BODY = YES;
				CLANG_WARN_ENUM_CONVERSION = YES;
				CLANG_WARN_INFINITE_RECURSION = YES;
				CLANG_WARN_INT_CONVERSION = YES;
				CLANG_WARN_NON_LITERAL_NULL_CONVERSION = YES;
				CLANG_WARN_OBJC_IMPLICIT_RETAIN_SELF = YES;
				CLANG_WARN_OBJC_LITERAL_CONVERSION = YES;
				CLANG_WARN_OBJC_ROOT_CLASS = YES_ERROR;
				CLANG_WARN_QUOTED_INCLUDE_IN_FRAMEWORK_HEADER = YES;
				CLANG_WARN_RANGE_LOOP_ANALYSIS = YES;
				CLANG_WARN_STRICT_PROTOTYPES = YES;
				CLANG_WARN_SUSPICIOUS_MOVE = YES;
				CLANG_WARN_UNGUARDED_AVAILABILITY = YES_AGGRESSIVE;
				CLANG_WARN_UNREACHABLE_CODE = YES;
				CLANG_WARN__DUPLICATE_METHOD_MATCH = YES;
				COPY_PHASE_STRIP = NO;
				DEBUG_INFORMATION_FORMAT = "dwarf-with-dsym";
				ENABLE_NS_ASSERTIONS = NO;
				ENABLE_STRICT_OBJC_MSGSEND = YES;
				GCC_C_LANGUAGE_STANDARD = gnu11;
				GCC_NO_COMMON_BLOCKS = YES;
				GCC_WARN_64_TO_32_BIT_CONVERSION = YES;
				GCC_WARN_ABOUT_RETURN_TYPE = YES_ERROR;
				GCC_WARN_UNDECLARED_SELECTOR = YES;
				GCC_WARN_UNINITIALIZED_AUTOS = YES_AGGRESSIVE;
				GCC_WARN_UNUSED_FUNCTION = YES;
				GCC_WARN_UNUSED_VARIABLE = YES;
				MACOSX_DEPLOYMENT_TARGET = 12.3;
				MTL_ENABLE_DEBUG_INFO = NO;
				MTL_FAST_MATH = YES;
				SDKROOT = macosx;
				SWIFT_COMPILATION_MODE = wholemodule;
				SWIFT_OPTIMIZATION_LEVEL = "-O";
			};
			name = Release;
		};
		BD175C6A295BDC7700B139A8 /* Debug */ = {
			isa = XCBuildConfiguration;
			buildSettings = {
				CODE_SIGN_STYLE = Automatic;
				PRODUCT_NAME = "$(TARGET_NAME)";
				SWIFT_VERSION = 5.0;
			};
			name = Debug;
		};
		BD175C6B295BDC7700B139A8 /* Release */ = {
			isa = XCBuildConfiguration;
			buildSettings = {
				CODE_SIGN_STYLE = Automatic;
				PRODUCT_NAME = "$(TARGET_NAME)";
				SWIFT_VERSION = 5.0;
			};
			name = Release;
		};
/* End XCBuildConfiguration section */

/* Begin XCConfigurationList section */
		BD175C5D295BDC7700B139A8 /* Build configuration list for PBXProject "3L2M" */ = {
			isa = XCConfigurationList;
			buildConfigurations = (
				BD175C67295BDC7700B139A8 /* Debug */,
				BD175C68295BDC7700B139A8 /* Release */,
			);
			defaultConfigurationIsVisible = 0;
			defaultConfigurationName = Release;
		};
		BD175C69295BDC7700B139A8 /* Build configuration list for PBXNativeTarget "3L2M" */ = {
			isa = XCConfigurationList;
			buildConfigurations = (
				BD175C6A295BDC7700B139A8 /* Debug */,
				BD175C6B295BDC7700B139A8 /* Release */,
			);
			defaultConfigurationIsVisible = 0;
			defaultConfigurationName = Release;
		};
/* End XCConfigurationList section */
	};
	rootObject = BD175C5A295BDC7700B139A8 /* Project object */;
}
